
Microsoft Visual Studio Solution File, Format Version 12.00
# Visual Studio Version 16
VisualStudioVersion = 16.0.31005.135
MinimumVisualStudioVersion = 10.0.40219.1
Project("{FAE04EC0-301F-11D3-BF4B-00C04F79EFBC}") = "Personel_Kayit", "Personel_Kayit\Personel_Kayit.csproj", "{29ACA91C-ED92-41D4-B5BC-AFB2C9FBBA86}"
EndProject
Global
	GlobalSection(SolutionConfigurationPlatforms) = preSolution
		Debug|Any CPU = Debug|Any CPU
		Release|Any CPU = Release|Any CPU
	EndGlobalSection
	GlobalSection(ProjectConfigurationPlatforms) = postSolution
		{29ACA91C-ED92-41D4-B5BC-AFB2C9FBBA86}.Debug|Any CPU.ActiveCfg = Debug|Any CPU
		{29ACA91C-ED92-41D4-B5BC-AFB2C9FBBA86}.Debug|Any CPU.Build.0 = Debug|Any CPU
		{29ACA91C-ED92-41D4-B5BC-AFB2C9FBBA86}.Release|Any CPU.ActiveCfg = Release|Any CPU
		{29ACA91C-ED92-41D4-B5BC-AFB2C9FBBA86}.Release|Any CPU.Build.0 = Release|Any CPU
	EndGlobalSection
	GlobalSection(SolutionProperties) = preSolution
		HideSolutionNode = FALSE
	EndGlobalSection
	GlobalSection(ExtensibilityGlobals) = postSolution
		SolutionGuid = {DA88F084-052A-4D45-ACBB-B76E7D8D2D99}
	EndGlobalSection
EndGlobal
